
Microsoft Visual Studio Solution File, Format Version 12.00
# Visual Studio 15
VisualStudioVersion = 15.0.27130.2020
MinimumVisualStudioVersion = 10.0.40219.1
Project("{FAE04EC0-301F-11D3-BF4B-00C04F79EFBC}") = "Test.Android", "Test\Test.Android\Test.Android.csproj", "{8CAEAF86-DEA2-43FA-BF80-5FFC5E361975}"
EndProject
Project("{FAE04EC0-301F-11D3-BF4B-00C04F79EFBC}") = "Test.iOS", "Test\Test.iOS\Test.iOS.csproj", "{A64B6258-4522-4137-81BE-998ADCA371DC}"
EndProject
Project("{9A19103F-16F7-4668-BE54-9A1E7A4F7556}") = "Test", "Test\Test\Test.csproj", "{AB298E8D-C880-40B7-B2EB-779E10ED643D}"
EndProject
Project("{9A19103F-16F7-4668-BE54-9A1E7A4F7556}") = "ShapeControl", "ShapeControl\ShapeControl\ShapeControl.csproj", "{786B0E27-D4E8-4CCA-9AB3-7490B5BD62BD}"
EndProject
Project("{FAE04EC0-301F-11D3-BF4B-00C04F79EFBC}") = "ShapeControl.Android", "ShapeControl\ShapeControl.Android\ShapeControl.Android.csproj", "{9047752B-0F76-4794-B25C-5FB3D2FEBF23}"
EndProject
Project("{FAE04EC0-301F-11D3-BF4B-00C04F79EFBC}") = "ShapeControl.iOS", "ShapeControl\ShapeControl.iOS\ShapeControl.iOS.csproj", "{E6FCC3F4-47A4-4ACF-A054-B6413974EE33}"
EndProject
Project("{2150E333-8FDC-42A3-9474-1A3956D46DE8}") = "Solution Items", "Solution Items", "{072F1444-A6D2-4B55-99DF-275B5CF79E74}"
	ProjectSection(SolutionItems) = preProject
		ScreenShots\IMG_1112.PNG = ScreenShots\IMG_1112.PNG
		LICENSE.md = LICENSE.md
		README.md = README.md
		ShapeControl.ico = ShapeControl.ico
		ShapeControl.nuspec = ShapeControl.nuspec
	EndProjectSection
EndProject
Global
	GlobalSection(SolutionConfigurationPlatforms) = preSolution
		Ad-Hoc|Any CPU = Ad-Hoc|Any CPU
		Ad-Hoc|ARM = Ad-Hoc|ARM
		Ad-Hoc|iPhone = Ad-Hoc|iPhone
		Ad-Hoc|iPhoneSimulator = Ad-Hoc|iPhoneSimulator
		Ad-Hoc|x64 = Ad-Hoc|x64
		Ad-Hoc|x86 = Ad-Hoc|x86
		AppStore|Any CPU = AppStore|Any CPU
		AppStore|ARM = AppStore|ARM
		AppStore|iPhone = AppStore|iPhone
		AppStore|iPhoneSimulator = AppStore|iPhoneSimulator
		AppStore|x64 = AppStore|x64
		AppStore|x86 = AppStore|x86
		Debug|Any CPU = Debug|Any CPU
		Debug|ARM = Debug|ARM
		Debug|iPhone = Debug|iPhone
		Debug|iPhoneSimulator = Debug|iPhoneSimulator
		Debug|x64 = Debug|x64
		Debug|x86 = Debug|x86
		Release|Any CPU = Release|Any CPU
		Release|ARM = Release|ARM
		Release|iPhone = Release|iPhone
		Release|iPhoneSimulator = Release|iPhoneSimulator
		Release|x64 = Release|x64
		Release|x86 = Release|x86
	EndGlobalSection
	GlobalSection(ProjectConfigurationPlatforms) = postSolution
		{8CAEAF86-DEA2-43FA-BF80-5FFC5E361975}.Ad-Hoc|Any CPU.ActiveCfg = Release|Any CPU
		{8CAEAF86-DEA2-43FA-BF80-5FFC5E361975}.Ad-Hoc|Any CPU.Build.0 = Release|Any CPU
		{8CAEAF86-DEA2-43FA-BF80-5FFC5E361975}.Ad-Hoc|Any CPU.Deploy.0 = Release|Any CPU
		{8CAEAF86-DEA2-43FA-BF80-5FFC5E361975}.Ad-Hoc|ARM.ActiveCfg = Release|Any CPU
		{8CAEAF86-DEA2-43FA-BF80-5FFC5E361975}.Ad-Hoc|ARM.Build.0 = Release|Any CPU
		{8CAEAF86-DEA2-43FA-BF80-5FFC5E361975}.Ad-Hoc|ARM.Deploy.0 = Release|Any CPU
		{8CAEAF86-DEA2-43FA-BF80-5FFC5E361975}.Ad-Hoc|iPhone.ActiveCfg = Release|Any CPU
		{8CAEAF86-DEA2-43FA-BF80-5FFC5E361975}.Ad-Hoc|iPhone.Build.0 = Release|Any CPU
		{8CAEAF86-DEA2-43FA-BF80-5FFC5E361975}.Ad-Hoc|iPhone.Deploy.0 = Release|Any CPU
		{8CAEAF86-DEA2-43FA-BF80-5FFC5E361975}.Ad-Hoc|iPhoneSimulator.ActiveCfg = Release|Any CPU
		{8CAEAF86-DEA2-43FA-BF80-5FFC5E361975}.Ad-Hoc|iPhoneSimulator.Build.0 = Release|Any CPU
		{8CAEAF86-DEA2-43FA-BF80-5FFC5E361975}.Ad-Hoc|iPhoneSimulator.Deploy.0 = Release|Any CPU
		{8CAEAF86-DEA2-43FA-BF80-5FFC5E361975}.Ad-Hoc|x64.ActiveCfg = Release|Any CPU
		{8CAEAF86-DEA2-43FA-BF80-5FFC5E361975}.Ad-Hoc|x64.Build.0 = Release|Any CPU
		{8CAEAF86-DEA2-43FA-BF80-5FFC5E361975}.Ad-Hoc|x64.Deploy.0 = Release|Any CPU
		{8CAEAF86-DEA2-43FA-BF80-5FFC5E361975}.Ad-Hoc|x86.ActiveCfg = Release|Any CPU
		{8CAEAF86-DEA2-43FA-BF80-5FFC5E361975}.Ad-Hoc|x86.Build.0 = Release|Any CPU
		{8CAEAF86-DEA2-43FA-BF80-5FFC5E361975}.Ad-Hoc|x86.Deploy.0 = Release|Any CPU
		{8CAEAF86-DEA2-43FA-BF80-5FFC5E361975}.AppStore|Any CPU.ActiveCfg = Release|Any CPU
		{8CAEAF86-DEA2-43FA-BF80-5FFC5E361975}.AppStore|Any CPU.Build.0 = Release|Any CPU
		{8CAEAF86-DEA2-43FA-BF80-5FFC5E361975}.AppStore|Any CPU.Deploy.0 = Release|Any CPU
		{8CAEAF86-DEA2-43FA-BF80-5FFC5E361975}.AppStore|ARM.ActiveCfg = Release|Any CPU
		{8CAEAF86-DEA2-43FA-BF80-5FFC5E361975}.AppStore|ARM.Build.0 = Release|Any CPU
		{8CAEAF86-DEA2-43FA-BF80-5FFC5E361975}.AppStore|ARM.Deploy.0 = Release|Any CPU
		{8CAEAF86-DEA2-43FA-BF80-5FFC5E361975}.AppStore|iPhone.ActiveCfg = Release|Any CPU
		{8CAEAF86-DEA2-43FA-BF80-5FFC5E361975}.AppStore|iPhone.Build.0 = Release|Any CPU
		{8CAEAF86-DEA2-43FA-BF80-5FFC5E361975}.AppStore|iPhone.Deploy.0 = Release|Any CPU
		{8CAEAF86-DEA2-43FA-BF80-5FFC5E361975}.AppStore|iPhoneSimulator.ActiveCfg = Release|Any CPU
		{8CAEAF86-DEA2-43FA-BF80-5FFC5E361975}.AppStore|iPhoneSimulator.Build.0 = Release|Any CPU
		{8CAEAF86-DEA2-43FA-BF80-5FFC5E361975}.AppStore|iPhoneSimulator.Deploy.0 = Release|Any CPU
		{8CAEAF86-DEA2-43FA-BF80-5FFC5E361975}.AppStore|x64.ActiveCfg = Release|Any CPU
		{8CAEAF86-DEA2-43FA-BF80-5FFC5E361975}.AppStore|x64.Build.0 = Release|Any CPU
		{8CAEAF86-DEA2-43FA-BF80-5FFC5E361975}.AppStore|x64.Deploy.0 = Release|Any CPU
		{8CAEAF86-DEA2-43FA-BF80-5FFC5E361975}.AppStore|x86.ActiveCfg = Release|Any CPU
		{8CAEAF86-DEA2-43FA-BF80-5FFC5E361975}.AppStore|x86.Build.0 = Release|Any CPU
		{8CAEAF86-DEA2-43FA-BF80-5FFC5E361975}.AppStore|x86.Deploy.0 = Release|Any CPU
		{8CAEAF86-DEA2-43FA-BF80-5FFC5E361975}.Debug|Any CPU.ActiveCfg = Debug|Any CPU
		{8CAEAF86-DEA2-43FA-BF80-5FFC5E361975}.Debug|Any CPU.Build.0 = Debug|Any CPU
		{8CAEAF86-DEA2-43FA-BF80-5FFC5E361975}.Debug|Any CPU.Deploy.0 = Debug|Any CPU
		{8CAEAF86-DEA2-43FA-BF80-5FFC5E361975}.Debug|ARM.ActiveCfg = Debug|Any CPU
		{8CAEAF86-DEA2-43FA-BF80-5FFC5E361975}.Debug|ARM.Build.0 = Debug|Any CPU
		{8CAEAF86-DEA2-43FA-BF80-5FFC5E361975}.Debug|ARM.Deploy.0 = Debug|Any CPU
		{8CAEAF86-DEA2-43FA-BF80-5FFC5E361975}.Debug|iPhone.ActiveCfg = Debug|Any CPU
		{8CAEAF86-DEA2-43FA-BF80-5FFC5E361975}.Debug|iPhone.Build.0 = Debug|Any CPU
		{8CAEAF86-DEA2-43FA-BF80-5FFC5E361975}.Debug|iPhone.Deploy.0 = Debug|Any CPU
		{8CAEAF86-DEA2-43FA-BF80-5FFC5E361975}.Debug|iPhoneSimulator.ActiveCfg = Debug|Any CPU
		{8CAEAF86-DEA2-43FA-BF80-5FFC5E361975}.Debug|iPhoneSimulator.Build.0 = Debug|Any CPU
		{8CAEAF86-DEA2-43FA-BF80-5FFC5E361975}.Debug|iPhoneSimulator.Deploy.0 = Debug|Any CPU
		{8CAEAF86-DEA2-43FA-BF80-5FFC5E361975}.Debug|x64.ActiveCfg = Debug|Any CPU
		{8CAEAF86-DEA2-43FA-BF80-5FFC5E361975}.Debug|x64.Build.0 = Debug|Any CPU
		{8CAEAF86-DEA2-43FA-BF80-5FFC5E361975}.Debug|x64.Deploy.0 = Debug|Any CPU
		{8CAEAF86-DEA2-43FA-BF80-5FFC5E361975}.Debug|x86.ActiveCfg = Debug|Any CPU
		{8CAEAF86-DEA2-43FA-BF80-5FFC5E361975}.Debug|x86.Build.0 = Debug|Any CPU
		{8CAEAF86-DEA2-43FA-BF80-5FFC5E361975}.Debug|x86.Deploy.0 = Debug|Any CPU
		{8CAEAF86-DEA2-43FA-BF80-5FFC5E361975}.Release|Any CPU.ActiveCfg = Release|Any CPU
		{8CAEAF86-DEA2-43FA-BF80-5FFC5E361975}.Release|Any CPU.Build.0 = Release|Any CPU
		{8CAEAF86-DEA2-43FA-BF80-5FFC5E361975}.Release|Any CPU.Deploy.0 = Release|Any CPU
		{8CAEAF86-DEA2-43FA-BF80-5FFC5E361975}.Release|ARM.ActiveCfg = Release|Any CPU
		{8CAEAF86-DEA2-43FA-BF80-5FFC5E361975}.Release|ARM.Build.0 = Release|Any CPU
		{8CAEAF86-DEA2-43FA-BF80-5FFC5E361975}.Release|ARM.Deploy.0 = Release|Any CPU
		{8CAEAF86-DEA2-43FA-BF80-5FFC5E361975}.Release|iPhone.ActiveCfg = Release|Any CPU
		{8CAEAF86-DEA2-43FA-BF80-5FFC5E361975}.Release|iPhone.Build.0 = Release|Any CPU
		{8CAEAF86-DEA2-43FA-BF80-5FFC5E361975}.Release|iPhone.Deploy.0 = Release|Any CPU
		{8CAEAF86-DEA2-43FA-BF80-5FFC5E361975}.Release|iPhoneSimulator.ActiveCfg = Release|Any CPU
		{8CAEAF86-DEA2-43FA-BF80-5FFC5E361975}.Release|iPhoneSimulator.Build.0 = Release|Any CPU
		{8CAEAF86-DEA2-43FA-BF80-5FFC5E361975}.Release|iPhoneSimulator.Deploy.0 = Release|Any CPU
		{8CAEAF86-DEA2-43FA-BF80-5FFC5E361975}.Release|x64.ActiveCfg = Release|Any CPU
		{8CAEAF86-DEA2-43FA-BF80-5FFC5E361975}.Release|x64.Build.0 = Release|Any CPU
		{8CAEAF86-DEA2-43FA-BF80-5FFC5E361975}.Release|x64.Deploy.0 = Release|Any CPU
		{8CAEAF86-DEA2-43FA-BF80-5FFC5E361975}.Release|x86.ActiveCfg = Release|Any CPU
		{8CAEAF86-DEA2-43FA-BF80-5FFC5E361975}.Release|x86.Build.0 = Release|Any CPU
		{8CAEAF86-DEA2-43FA-BF80-5FFC5E361975}.Release|x86.Deploy.0 = Release|Any CPU
		{A64B6258-4522-4137-81BE-998ADCA371DC}.Ad-Hoc|Any CPU.ActiveCfg = Ad-Hoc|iPhone
		{A64B6258-4522-4137-81BE-998ADCA371DC}.Ad-Hoc|ARM.ActiveCfg = Ad-Hoc|iPhone
		{A64B6258-4522-4137-81BE-998ADCA371DC}.Ad-Hoc|iPhone.ActiveCfg = Ad-Hoc|iPhone
		{A64B6258-4522-4137-81BE-998ADCA371DC}.Ad-Hoc|iPhone.Build.0 = Ad-Hoc|iPhone
		{A64B6258-4522-4137-81BE-998ADCA371DC}.Ad-Hoc|iPhoneSimulator.ActiveCfg = Ad-Hoc|iPhoneSimulator
		{A64B6258-4522-4137-81BE-998ADCA371DC}.Ad-Hoc|iPhoneSimulator.Build.0 = Ad-Hoc|iPhoneSimulator
		{A64B6258-4522-4137-81BE-998ADCA371DC}.Ad-Hoc|x64.ActiveCfg = Ad-Hoc|iPhone
		{A64B6258-4522-4137-81BE-998ADCA371DC}.Ad-Hoc|x86.ActiveCfg = Ad-Hoc|iPhone
		{A64B6258-4522-4137-81BE-998ADCA371DC}.AppStore|Any CPU.ActiveCfg = AppStore|iPhone
		{A64B6258-4522-4137-81BE-998ADCA371DC}.AppStore|ARM.ActiveCfg = AppStore|iPhone
		{A64B6258-4522-4137-81BE-998ADCA371DC}.AppStore|iPhone.ActiveCfg = AppStore|iPhone
		{A64B6258-4522-4137-81BE-998ADCA371DC}.AppStore|iPhone.Build.0 = AppStore|iPhone
		{A64B6258-4522-4137-81BE-998ADCA371DC}.AppStore|iPhoneSimulator.ActiveCfg = AppStore|iPhoneSimulator
		{A64B6258-4522-4137-81BE-998ADCA371DC}.AppStore|iPhoneSimulator.Build.0 = AppStore|iPhoneSimulator
		{A64B6258-4522-4137-81BE-998ADCA371DC}.AppStore|x64.ActiveCfg = AppStore|iPhone
		{A64B6258-4522-4137-81BE-998ADCA371DC}.AppStore|x86.ActiveCfg = AppStore|iPhone
		{A64B6258-4522-4137-81BE-998ADCA371DC}.Debug|Any CPU.ActiveCfg = Debug|iPhone
		{A64B6258-4522-4137-81BE-998ADCA371DC}.Debug|ARM.ActiveCfg = Debug|iPhone
		{A64B6258-4522-4137-81BE-998ADCA371DC}.Debug|iPhone.ActiveCfg = Debug|iPhone
		{A64B6258-4522-4137-81BE-998ADCA371DC}.Debug|iPhone.Build.0 = Debug|iPhone
		{A64B6258-4522-4137-81BE-998ADCA371DC}.Debug|iPhoneSimulator.ActiveCfg = Debug|iPhoneSimulator
		{A64B6258-4522-4137-81BE-998ADCA371DC}.Debug|iPhoneSimulator.Build.0 = Debug|iPhoneSimulator
		{A64B6258-4522-4137-81BE-998ADCA371DC}.Debug|x64.ActiveCfg = Debug|iPhone
		{A64B6258-4522-4137-81BE-998ADCA371DC}.Debug|x86.ActiveCfg = Debug|iPhone
		{A64B6258-4522-4137-81BE-998ADCA371DC}.Release|Any CPU.ActiveCfg = Release|iPhone
		{A64B6258-4522-4137-81BE-998ADCA371DC}.Release|ARM.ActiveCfg = Release|iPhone
		{A64B6258-4522-4137-81BE-998ADCA371DC}.Release|iPhone.ActiveCfg = Release|iPhone
		{A64B6258-4522-4137-81BE-998ADCA371DC}.Release|iPhone.Build.0 = Release|iPhone
		{A64B6258-4522-4137-81BE-998ADCA371DC}.Release|iPhoneSimulator.ActiveCfg = Release|iPhoneSimulator
		{A64B6258-4522-4137-81BE-998ADCA371DC}.Release|iPhoneSimulator.Build.0 = Release|iPhoneSimulator
		{A64B6258-4522-4137-81BE-998ADCA371DC}.Release|x64.ActiveCfg = Release|iPhone
		{A64B6258-4522-4137-81BE-998ADCA371DC}.Release|x86.ActiveCfg = Release|iPhone
		{AB298E8D-C880-40B7-B2EB-779E10ED643D}.Ad-Hoc|Any CPU.ActiveCfg = Debug|Any CPU
		{AB298E8D-C880-40B7-B2EB-779E10ED643D}.Ad-Hoc|Any CPU.Build.0 = Debug|Any CPU
		{AB298E8D-C880-40B7-B2EB-779E10ED643D}.Ad-Hoc|ARM.ActiveCfg = Debug|Any CPU
		{AB298E8D-C880-40B7-B2EB-779E10ED643D}.Ad-Hoc|ARM.Build.0 = Debug|Any CPU
		{AB298E8D-C880-40B7-B2EB-779E10ED643D}.Ad-Hoc|iPhone.ActiveCfg = Debug|Any CPU
		{AB298E8D-C880-40B7-B2EB-779E10ED643D}.Ad-Hoc|iPhone.Build.0 = Debug|Any CPU
		{AB298E8D-C880-40B7-B2EB-779E10ED643D}.Ad-Hoc|iPhoneSimulator.ActiveCfg = Debug|Any CPU
		{AB298E8D-C880-40B7-B2EB-779E10ED643D}.Ad-Hoc|iPhoneSimulator.Build.0 = Debug|Any CPU
		{AB298E8D-C880-40B7-B2EB-779E10ED643D}.Ad-Hoc|x64.ActiveCfg = Debug|Any CPU
		{AB298E8D-C880-40B7-B2EB-779E10ED643D}.Ad-Hoc|x64.Build.0 = Debug|Any CPU
		{AB298E8D-C880-40B7-B2EB-779E10ED643D}.Ad-Hoc|x86.ActiveCfg = Debug|Any CPU
		{AB298E8D-C880-40B7-B2EB-779E10ED643D}.Ad-Hoc|x86.Build.0 = Debug|Any CPU
		{AB298E8D-C880-40B7-B2EB-779E10ED643D}.AppStore|Any CPU.ActiveCfg = Debug|Any CPU
		{AB298E8D-C880-40B7-B2EB-779E10ED643D}.AppStore|Any CPU.Build.0 = Debug|Any CPU
		{AB298E8D-C880-40B7-B2EB-779E10ED643D}.AppStore|ARM.ActiveCfg = Debug|Any CPU
		{AB298E8D-C880-40B7-B2EB-779E10ED643D}.AppStore|ARM.Build.0 = Debug|Any CPU
		{AB298E8D-C880-40B7-B2EB-779E10ED643D}.AppStore|iPhone.ActiveCfg = Debug|Any CPU
		{AB298E8D-C880-40B7-B2EB-779E10ED643D}.AppStore|iPhone.Build.0 = Debug|Any CPU
		{AB298E8D-C880-40B7-B2EB-779E10ED643D}.AppStore|iPhoneSimulator.ActiveCfg = Debug|Any CPU
		{AB298E8D-C880-40B7-B2EB-779E10ED643D}.AppStore|iPhoneSimulator.Build.0 = Debug|Any CPU
		{AB298E8D-C880-40B7-B2EB-779E10ED643D}.AppStore|x64.ActiveCfg = Debug|Any CPU
		{AB298E8D-C880-40B7-B2EB-779E10ED643D}.AppStore|x64.Build.0 = Debug|Any CPU
		{AB298E8D-C880-40B7-B2EB-779E10ED643D}.AppStore|x86.ActiveCfg = Debug|Any CPU
		{AB298E8D-C880-40B7-B2EB-779E10ED643D}.AppStore|x86.Build.0 = Debug|Any CPU
		{AB298E8D-C880-40B7-B2EB-779E10ED643D}.Debug|Any CPU.ActiveCfg = Debug|Any CPU
		{AB298E8D-C880-40B7-B2EB-779E10ED643D}.Debug|Any CPU.Build.0 = Debug|Any CPU
		{AB298E8D-C880-40B7-B2EB-779E10ED643D}.Debug|ARM.ActiveCfg = Debug|Any CPU
		{AB298E8D-C880-40B7-B2EB-779E10ED643D}.Debug|ARM.Build.0 = Debug|Any CPU
		{AB298E8D-C880-40B7-B2EB-779E10ED643D}.Debug|iPhone.ActiveCfg = Debug|Any CPU
		{AB298E8D-C880-40B7-B2EB-779E10ED643D}.Debug|iPhone.Build.0 = Debug|Any CPU
		{AB298E8D-C880-40B7-B2EB-779E10ED643D}.Debug|iPhoneSimulator.ActiveCfg = Debug|Any CPU
		{AB298E8D-C880-40B7-B2EB-779E10ED643D}.Debug|iPhoneSimulator.Build.0 = Debug|Any CPU
		{AB298E8D-C880-40B7-B2EB-779E10ED643D}.Debug|x64.ActiveCfg = Debug|Any CPU
		{AB298E8D-C880-40B7-B2EB-779E10ED643D}.Debug|x64.Build.0 = Debug|Any CPU
		{AB298E8D-C880-40B7-B2EB-779E10ED643D}.Debug|x86.ActiveCfg = Debug|Any CPU
		{AB298E8D-C880-40B7-B2EB-779E10ED643D}.Debug|x86.Build.0 = Debug|Any CPU
		{AB298E8D-C880-40B7-B2EB-779E10ED643D}.Release|Any CPU.ActiveCfg = Release|Any CPU
		{AB298E8D-C880-40B7-B2EB-779E10ED643D}.Release|Any CPU.Build.0 = Release|Any CPU
		{AB298E8D-C880-40B7-B2EB-779E10ED643D}.Release|ARM.ActiveCfg = Release|Any CPU
		{AB298E8D-C880-40B7-B2EB-779E10ED643D}.Release|ARM.Build.0 = Release|Any CPU
		{AB298E8D-C880-40B7-B2EB-779E10ED643D}.Release|iPhone.ActiveCfg = Release|Any CPU
		{AB298E8D-C880-40B7-B2EB-779E10ED643D}.Release|iPhone.Build.0 = Release|Any CPU
		{AB298E8D-C880-40B7-B2EB-779E10ED643D}.Release|iPhoneSimulator.ActiveCfg = Release|Any CPU
		{AB298E8D-C880-40B7-B2EB-779E10ED643D}.Release|iPhoneSimulator.Build.0 = Release|Any CPU
		{AB298E8D-C880-40B7-B2EB-779E10ED643D}.Release|x64.ActiveCfg = Release|Any CPU
		{AB298E8D-C880-40B7-B2EB-779E10ED643D}.Release|x64.Build.0 = Release|Any CPU
		{AB298E8D-C880-40B7-B2EB-779E10ED643D}.Release|x86.ActiveCfg = Release|Any CPU
		{AB298E8D-C880-40B7-B2EB-779E10ED643D}.Release|x86.Build.0 = Release|Any CPU
		{786B0E27-D4E8-4CCA-9AB3-7490B5BD62BD}.Ad-Hoc|Any CPU.ActiveCfg = Debug|Any CPU
		{786B0E27-D4E8-4CCA-9AB3-7490B5BD62BD}.Ad-Hoc|Any CPU.Build.0 = Debug|Any CPU
		{786B0E27-D4E8-4CCA-9AB3-7490B5BD62BD}.Ad-Hoc|ARM.ActiveCfg = Debug|Any CPU
		{786B0E27-D4E8-4CCA-9AB3-7490B5BD62BD}.Ad-Hoc|ARM.Build.0 = Debug|Any CPU
		{786B0E27-D4E8-4CCA-9AB3-7490B5BD62BD}.Ad-Hoc|iPhone.ActiveCfg = Debug|Any CPU
		{786B0E27-D4E8-4CCA-9AB3-7490B5BD62BD}.Ad-Hoc|iPhone.Build.0 = Debug|Any CPU
		{786B0E27-D4E8-4CCA-9AB3-7490B5BD62BD}.Ad-Hoc|iPhoneSimulator.ActiveCfg = Debug|Any CPU
		{786B0E27-D4E8-4CCA-9AB3-7490B5BD62BD}.Ad-Hoc|iPhoneSimulator.Build.0 = Debug|Any CPU
		{786B0E27-D4E8-4CCA-9AB3-7490B5BD62BD}.Ad-Hoc|x64.ActiveCfg = Debug|Any CPU
		{786B0E27-D4E8-4CCA-9AB3-7490B5BD62BD}.Ad-Hoc|x64.Build.0 = Debug|Any CPU
		{786B0E27-D4E8-4CCA-9AB3-7490B5BD62BD}.Ad-Hoc|x86.ActiveCfg = Debug|Any CPU
		{786B0E27-D4E8-4CCA-9AB3-7490B5BD62BD}.Ad-Hoc|x86.Build.0 = Debug|Any CPU
		{786B0E27-D4E8-4CCA-9AB3-7490B5BD62BD}.AppStore|Any CPU.ActiveCfg = Debug|Any CPU
		{786B0E27-D4E8-4CCA-9AB3-7490B5BD62BD}.AppStore|Any CPU.Build.0 = Debug|Any CPU
		{786B0E27-D4E8-4CCA-9AB3-7490B5BD62BD}.AppStore|ARM.ActiveCfg = Debug|Any CPU
		{786B0E27-D4E8-4CCA-9AB3-7490B5BD62BD}.AppStore|ARM.Build.0 = Debug|Any CPU
		{786B0E27-D4E8-4CCA-9AB3-7490B5BD62BD}.AppStore|iPhone.ActiveCfg = Debug|Any CPU
		{786B0E27-D4E8-4CCA-9AB3-7490B5BD62BD}.AppStore|iPhone.Build.0 = Debug|Any CPU
		{786B0E27-D4E8-4CCA-9AB3-7490B5BD62BD}.AppStore|iPhoneSimulator.ActiveCfg = Debug|Any CPU
		{786B0E27-D4E8-4CCA-9AB3-7490B5BD62BD}.AppStore|iPhoneSimulator.Build.0 = Debug|Any CPU
		{786B0E27-D4E8-4CCA-9AB3-7490B5BD62BD}.AppStore|x64.ActiveCfg = Debug|Any CPU
		{786B0E27-D4E8-4CCA-9AB3-7490B5BD62BD}.AppStore|x64.Build.0 = Debug|Any CPU
		{786B0E27-D4E8-4CCA-9AB3-7490B5BD62BD}.AppStore|x86.ActiveCfg = Debug|Any CPU
		{786B0E27-D4E8-4CCA-9AB3-7490B5BD62BD}.AppStore|x86.Build.0 = Debug|Any CPU
		{786B0E27-D4E8-4CCA-9AB3-7490B5BD62BD}.Debug|Any CPU.ActiveCfg = Debug|Any CPU
		{786B0E27-D4E8-4CCA-9AB3-7490B5BD62BD}.Debug|Any CPU.Build.0 = Debug|Any CPU
		{786B0E27-D4E8-4CCA-9AB3-7490B5BD62BD}.Debug|ARM.ActiveCfg = Debug|Any CPU
		{786B0E27-D4E8-4CCA-9AB3-7490B5BD62BD}.Debug|ARM.Build.0 = Debug|Any CPU
		{786B0E27-D4E8-4CCA-9AB3-7490B5BD62BD}.Debug|iPhone.ActiveCfg = Debug|Any CPU
		{786B0E27-D4E8-4CCA-9AB3-7490B5BD62BD}.Debug|iPhone.Build.0 = Debug|Any CPU
		{786B0E27-D4E8-4CCA-9AB3-7490B5BD62BD}.Debug|iPhoneSimulator.ActiveCfg = Debug|Any CPU
		{786B0E27-D4E8-4CCA-9AB3-7490B5BD62BD}.Debug|iPhoneSimulator.Build.0 = Debug|Any CPU
		{786B0E27-D4E8-4CCA-9AB3-7490B5BD62BD}.Debug|x64.ActiveCfg = Debug|Any CPU
		{786B0E27-D4E8-4CCA-9AB3-7490B5BD62BD}.Debug|x64.Build.0 = Debug|Any CPU
		{786B0E27-D4E8-4CCA-9AB3-7490B5BD62BD}.Debug|x86.ActiveCfg = Debug|Any CPU
		{786B0E27-D4E8-4CCA-9AB3-7490B5BD62BD}.Debug|x86.Build.0 = Debug|Any CPU
		{786B0E27-D4E8-4CCA-9AB3-7490B5BD62BD}.Release|Any CPU.ActiveCfg = Release|Any CPU
		{786B0E27-D4E8-4CCA-9AB3-7490B5BD62BD}.Release|Any CPU.Build.0 = Release|Any CPU
		{786B0E27-D4E8-4CCA-9AB3-7490B5BD62BD}.Release|ARM.ActiveCfg = Release|Any CPU
		{786B0E27-D4E8-4CCA-9AB3-7490B5BD62BD}.Release|ARM.Build.0 = Release|Any CPU
		{786B0E27-D4E8-4CCA-9AB3-7490B5BD62BD}.Release|iPhone.ActiveCfg = Release|Any CPU
		{786B0E27-D4E8-4CCA-9AB3-7490B5BD62BD}.Release|iPhone.Build.0 = Release|Any CPU
		{786B0E27-D4E8-4CCA-9AB3-7490B5BD62BD}.Release|iPhoneSimulator.ActiveCfg = Release|Any CPU
		{786B0E27-D4E8-4CCA-9AB3-7490B5BD62BD}.Release|iPhoneSimulator.Build.0 = Release|Any CPU
		{786B0E27-D4E8-4CCA-9AB3-7490B5BD62BD}.Release|x64.ActiveCfg = Release|Any CPU
		{786B0E27-D4E8-4CCA-9AB3-7490B5BD62BD}.Release|x64.Build.0 = Release|Any CPU
		{786B0E27-D4E8-4CCA-9AB3-7490B5BD62BD}.Release|x86.ActiveCfg = Release|Any CPU
		{786B0E27-D4E8-4CCA-9AB3-7490B5BD62BD}.Release|x86.Build.0 = Release|Any CPU
		{9047752B-0F76-4794-B25C-5FB3D2FEBF23}.Ad-Hoc|Any CPU.ActiveCfg = Release|Any CPU
		{9047752B-0F76-4794-B25C-5FB3D2FEBF23}.Ad-Hoc|Any CPU.Build.0 = Release|Any CPU
		{9047752B-0F76-4794-B25C-5FB3D2FEBF23}.Ad-Hoc|ARM.ActiveCfg = Release|Any CPU
		{9047752B-0F76-4794-B25C-5FB3D2FEBF23}.Ad-Hoc|ARM.Build.0 = Release|Any CPU
		{9047752B-0F76-4794-B25C-5FB3D2FEBF23}.Ad-Hoc|iPhone.ActiveCfg = Release|Any CPU
		{9047752B-0F76-4794-B25C-5FB3D2FEBF23}.Ad-Hoc|iPhone.Build.0 = Release|Any CPU
		{9047752B-0F76-4794-B25C-5FB3D2FEBF23}.Ad-Hoc|iPhoneSimulator.ActiveCfg = Release|Any CPU
		{9047752B-0F76-4794-B25C-5FB3D2FEBF23}.Ad-Hoc|iPhoneSimulator.Build.0 = Release|Any CPU
		{9047752B-0F76-4794-B25C-5FB3D2FEBF23}.Ad-Hoc|x64.ActiveCfg = Release|Any CPU
		{9047752B-0F76-4794-B25C-5FB3D2FEBF23}.Ad-Hoc|x64.Build.0 = Release|Any CPU
		{9047752B-0F76-4794-B25C-5FB3D2FEBF23}.Ad-Hoc|x86.ActiveCfg = Release|Any CPU
		{9047752B-0F76-4794-B25C-5FB3D2FEBF23}.Ad-Hoc|x86.Build.0 = Release|Any CPU
		{9047752B-0F76-4794-B25C-5FB3D2FEBF23}.AppStore|Any CPU.ActiveCfg = Release|Any CPU
		{9047752B-0F76-4794-B25C-5FB3D2FEBF23}.AppStore|Any CPU.Build.0 = Release|Any CPU
		{9047752B-0F76-4794-B25C-5FB3D2FEBF23}.AppStore|ARM.ActiveCfg = Release|Any CPU
		{9047752B-0F76-4794-B25C-5FB3D2FEBF23}.AppStore|ARM.Build.0 = Release|Any CPU
		{9047752B-0F76-4794-B25C-5FB3D2FEBF23}.AppStore|iPhone.ActiveCfg = Release|Any CPU
		{9047752B-0F76-4794-B25C-5FB3D2FEBF23}.AppStore|iPhone.Build.0 = Release|Any CPU
		{9047752B-0F76-4794-B25C-5FB3D2FEBF23}.AppStore|iPhoneSimulator.ActiveCfg = Release|Any CPU
		{9047752B-0F76-4794-B25C-5FB3D2FEBF23}.AppStore|iPhoneSimulator.Build.0 = Release|Any CPU
		{9047752B-0F76-4794-B25C-5FB3D2FEBF23}.AppStore|x64.ActiveCfg = Release|Any CPU
		{9047752B-0F76-4794-B25C-5FB3D2FEBF23}.AppStore|x64.Build.0 = Release|Any CPU
		{9047752B-0F76-4794-B25C-5FB3D2FEBF23}.AppStore|x86.ActiveCfg = Release|Any CPU
		{9047752B-0F76-4794-B25C-5FB3D2FEBF23}.AppStore|x86.Build.0 = Release|Any CPU
		{9047752B-0F76-4794-B25C-5FB3D2FEBF23}.Debug|Any CPU.ActiveCfg = Debug|Any CPU
		{9047752B-0F76-4794-B25C-5FB3D2FEBF23}.Debug|Any CPU.Build.0 = Debug|Any CPU
		{9047752B-0F76-4794-B25C-5FB3D2FEBF23}.Debug|ARM.ActiveCfg = Debug|Any CPU
		{9047752B-0F76-4794-B25C-5FB3D2FEBF23}.Debug|ARM.Build.0 = Debug|Any CPU
		{9047752B-0F76-4794-B25C-5FB3D2FEBF23}.Debug|iPhone.ActiveCfg = Debug|Any CPU
		{9047752B-0F76-4794-B25C-5FB3D2FEBF23}.Debug|iPhone.Build.0 = Debug|Any CPU
		{9047752B-0F76-4794-B25C-5FB3D2FEBF23}.Debug|iPhoneSimulator.ActiveCfg = Debug|Any CPU
		{9047752B-0F76-4794-B25C-5FB3D2FEBF23}.Debug|iPhoneSimulator.Build.0 = Debug|Any CPU
		{9047752B-0F76-4794-B25C-5FB3D2FEBF23}.Debug|x64.ActiveCfg = Debug|Any CPU
		{9047752B-0F76-4794-B25C-5FB3D2FEBF23}.Debug|x64.Build.0 = Debug|Any CPU
		{9047752B-0F76-4794-B25C-5FB3D2FEBF23}.Debug|x86.ActiveCfg = Debug|Any CPU
		{9047752B-0F76-4794-B25C-5FB3D2FEBF23}.Debug|x86.Build.0 = Debug|Any CPU
		{9047752B-0F76-4794-B25C-5FB3D2FEBF23}.Release|Any CPU.ActiveCfg = Release|Any CPU
		{9047752B-0F76-4794-B25C-5FB3D2FEBF23}.Release|Any CPU.Build.0 = Release|Any CPU
		{9047752B-0F76-4794-B25C-5FB3D2FEBF23}.Release|ARM.ActiveCfg = Release|Any CPU
		{9047752B-0F76-4794-B25C-5FB3D2FEBF23}.Release|ARM.Build.0 = Release|Any CPU
		{9047752B-0F76-4794-B25C-5FB3D2FEBF23}.Release|iPhone.ActiveCfg = Release|Any CPU
		{9047752B-0F76-4794-B25C-5FB3D2FEBF23}.Release|iPhone.Build.0 = Release|Any CPU
		{9047752B-0F76-4794-B25C-5FB3D2FEBF23}.Release|iPhoneSimulator.ActiveCfg = Release|Any CPU
		{9047752B-0F76-4794-B25C-5FB3D2FEBF23}.Release|iPhoneSimulator.Build.0 = Release|Any CPU
		{9047752B-0F76-4794-B25C-5FB3D2FEBF23}.Release|x64.ActiveCfg = Release|Any CPU
		{9047752B-0F76-4794-B25C-5FB3D2FEBF23}.Release|x64.Build.0 = Release|Any CPU
		{9047752B-0F76-4794-B25C-5FB3D2FEBF23}.Release|x86.ActiveCfg = Release|Any CPU
		{9047752B-0F76-4794-B25C-5FB3D2FEBF23}.Release|x86.Build.0 = Release|Any CPU
		{E6FCC3F4-47A4-4ACF-A054-B6413974EE33}.Ad-Hoc|Any CPU.ActiveCfg = Release|Any CPU
		{E6FCC3F4-47A4-4ACF-A054-B6413974EE33}.Ad-Hoc|Any CPU.Build.0 = Release|Any CPU
		{E6FCC3F4-47A4-4ACF-A054-B6413974EE33}.Ad-Hoc|ARM.ActiveCfg = Release|Any CPU
		{E6FCC3F4-47A4-4ACF-A054-B6413974EE33}.Ad-Hoc|ARM.Build.0 = Release|Any CPU
		{E6FCC3F4-47A4-4ACF-A054-B6413974EE33}.Ad-Hoc|iPhone.ActiveCfg = Release|Any CPU
		{E6FCC3F4-47A4-4ACF-A054-B6413974EE33}.Ad-Hoc|iPhone.Build.0 = Release|Any CPU
		{E6FCC3F4-47A4-4ACF-A054-B6413974EE33}.Ad-Hoc|iPhoneSimulator.ActiveCfg = Release|Any CPU
		{E6FCC3F4-47A4-4ACF-A054-B6413974EE33}.Ad-Hoc|iPhoneSimulator.Build.0 = Release|Any CPU
		{E6FCC3F4-47A4-4ACF-A054-B6413974EE33}.Ad-Hoc|x64.ActiveCfg = Release|Any CPU
		{E6FCC3F4-47A4-4ACF-A054-B6413974EE33}.Ad-Hoc|x64.Build.0 = Release|Any CPU
		{E6FCC3F4-47A4-4ACF-A054-B6413974EE33}.Ad-Hoc|x86.ActiveCfg = Release|Any CPU
		{E6FCC3F4-47A4-4ACF-A054-B6413974EE33}.Ad-Hoc|x86.Build.0 = Release|Any CPU
		{E6FCC3F4-47A4-4ACF-A054-B6413974EE33}.AppStore|Any CPU.ActiveCfg = Release|Any CPU
		{E6FCC3F4-47A4-4ACF-A054-B6413974EE33}.AppStore|Any CPU.Build.0 = Release|Any CPU
		{E6FCC3F4-47A4-4ACF-A054-B6413974EE33}.AppStore|ARM.ActiveCfg = Release|Any CPU
		{E6FCC3F4-47A4-4ACF-A054-B6413974EE33}.AppStore|ARM.Build.0 = Release|Any CPU
		{E6FCC3F4-47A4-4ACF-A054-B6413974EE33}.AppStore|iPhone.ActiveCfg = Release|Any CPU
		{E6FCC3F4-47A4-4ACF-A054-B6413974EE33}.AppStore|iPhone.Build.0 = Release|Any CPU
		{E6FCC3F4-47A4-4ACF-A054-B6413974EE33}.AppStore|iPhoneSimulator.ActiveCfg = Release|Any CPU
		{E6FCC3F4-47A4-4ACF-A054-B6413974EE33}.AppStore|iPhoneSimulator.Build.0 = Release|Any CPU
		{E6FCC3F4-47A4-4ACF-A054-B6413974EE33}.AppStore|x64.ActiveCfg = Release|Any CPU
		{E6FCC3F4-47A4-4ACF-A054-B6413974EE33}.AppStore|x64.Build.0 = Release|Any CPU
		{E6FCC3F4-47A4-4ACF-A054-B6413974EE33}.AppStore|x86.ActiveCfg = Release|Any CPU
		{E6FCC3F4-47A4-4ACF-A054-B6413974EE33}.AppStore|x86.Build.0 = Release|Any CPU
		{E6FCC3F4-47A4-4ACF-A054-B6413974EE33}.Debug|Any CPU.ActiveCfg = Debug|Any CPU
		{E6FCC3F4-47A4-4ACF-A054-B6413974EE33}.Debug|Any CPU.Build.0 = Debug|Any CPU
		{E6FCC3F4-47A4-4ACF-A054-B6413974EE33}.Debug|ARM.ActiveCfg = Debug|Any CPU
		{E6FCC3F4-47A4-4ACF-A054-B6413974EE33}.Debug|ARM.Build.0 = Debug|Any CPU
		{E6FCC3F4-47A4-4ACF-A054-B6413974EE33}.Debug|iPhone.ActiveCfg = Debug|Any CPU
		{E6FCC3F4-47A4-4ACF-A054-B6413974EE33}.Debug|iPhone.Build.0 = Debug|Any CPU
		{E6FCC3F4-47A4-4ACF-A054-B6413974EE33}.Debug|iPhoneSimulator.ActiveCfg = Debug|Any CPU
		{E6FCC3F4-47A4-4ACF-A054-B6413974EE33}.Debug|iPhoneSimulator.Build.0 = Debug|Any CPU
		{E6FCC3F4-47A4-4ACF-A054-B6413974EE33}.Debug|x64.ActiveCfg = Debug|Any CPU
		{E6FCC3F4-47A4-4ACF-A054-B6413974EE33}.Debug|x64.Build.0 = Debug|Any CPU
		{E6FCC3F4-47A4-4ACF-A054-B6413974EE33}.Debug|x86.ActiveCfg = Debug|Any CPU
		{E6FCC3F4-47A4-4ACF-A054-B6413974EE33}.Debug|x86.Build.0 = Debug|Any CPU
		{E6FCC3F4-47A4-4ACF-A054-B6413974EE33}.Release|Any CPU.ActiveCfg = Release|Any CPU
		{E6FCC3F4-47A4-4ACF-A054-B6413974EE33}.Release|Any CPU.Build.0 = Release|Any CPU
		{E6FCC3F4-47A4-4ACF-A054-B6413974EE33}.Release|ARM.ActiveCfg = Release|Any CPU
		{E6FCC3F4-47A4-4ACF-A054-B6413974EE33}.Release|ARM.Build.0 = Release|Any CPU
		{E6FCC3F4-47A4-4ACF-A054-B6413974EE33}.Release|iPhone.ActiveCfg = Release|Any CPU
		{E6FCC3F4-47A4-4ACF-A054-B6413974EE33}.Release|iPhone.Build.0 = Release|Any CPU
		{E6FCC3F4-47A4-4ACF-A054-B6413974EE33}.Release|iPhoneSimulator.ActiveCfg = Release|Any CPU
		{E6FCC3F4-47A4-4ACF-A054-B6413974EE33}.Release|iPhoneSimulator.Build.0 = Release|Any CPU
		{E6FCC3F4-47A4-4ACF-A054-B6413974EE33}.Release|x64.ActiveCfg = Release|Any CPU
		{E6FCC3F4-47A4-4ACF-A054-B6413974EE33}.Release|x64.Build.0 = Release|Any CPU
		{E6FCC3F4-47A4-4ACF-A054-B6413974EE33}.Release|x86.ActiveCfg = Release|Any CPU
		{E6FCC3F4-47A4-4ACF-A054-B6413974EE33}.Release|x86.Build.0 = Release|Any CPU
	EndGlobalSection
	GlobalSection(SolutionProperties) = preSolution
		HideSolutionNode = FALSE
	EndGlobalSection
	GlobalSection(ExtensibilityGlobals) = postSolution
		SolutionGuid = {D698A386-F415-451F-902D-73FAE9189645}
	EndGlobalSection
EndGlobal
